
Microsoft Visual Studio Solution File, Format Version 12.00
# Visual Studio Version 17
VisualStudioVersion = 17.14.36203.30 d17.14
MinimumVisualStudioVersion = 10.0.40219.1
Project("{FAE04EC0-301F-11D3-BF4B-00C04F79EFBC}") = "ConsoleApp1", "ConsoleApp1\ConsoleApp1.csproj", "{FCAFDC83-54DE-421F-B838-EAE0526B575D}"
EndProject
Global
	GlobalSection(SolutionConfigurationPlatforms) = preSolution
		Debug|Any CPU = Debug|Any CPU
		Release|Any CPU = Release|Any CPU
	EndGlobalSection
	GlobalSection(ProjectConfigurationPlatforms) = postSolution
		{FCAFDC83-54DE-421F-B838-EAE0526B575D}.Debug|Any CPU.ActiveCfg = Debug|Any CPU
		{FCAFDC83-54DE-421F-B838-EAE0526B575D}.Debug|Any CPU.Build.0 = Debug|Any CPU
		{FCAFDC83-54DE-421F-B838-EAE0526B575D}.Release|Any CPU.ActiveCfg = Release|Any CPU
		{FCAFDC83-54DE-421F-B838-EAE0526B575D}.Release|Any CPU.Build.0 = Release|Any CPU
	EndGlobalSection
	GlobalSection(SolutionProperties) = preSolution
		HideSolutionNode = FALSE
	EndGlobalSection
	GlobalSection(ExtensibilityGlobals) = postSolution
		SolutionGuid = {FD400588-BA80-4402-8BDF-F666B8F5F1AF}
	EndGlobalSection
EndGlobal
